
Microsoft Visual Studio Solution File, Format Version 12.00
# Visual Studio 15
VisualStudioVersion = 15.0.27428.2027
MinimumVisualStudioVersion = 10.0.40219.1
Project("{9A19103F-16F7-4668-BE54-9A1E7A4F7556}") = "RestApi.Commands", "RestApi.Commands\RestApi.Commands.csproj", "{DC5879C9-B28E-472B-93F3-ECEF6DFB77A0}"
EndProject
Project("{9A19103F-16F7-4668-BE54-9A1E7A4F7556}") = "RestApi.Application", "RestApi.Application\RestApi.Application.csproj", "{A9CD37AD-EEBD-4A68-AAD4-92CFFAB29E7B}"
EndProject
Project("{9A19103F-16F7-4668-BE54-9A1E7A4F7556}") = "RestApi.Web", "RestApi.Web\RestApi.Web.csproj", "{E915CD3F-FBBF-4F46-A0EB-A5DAE04CE820}"
EndProject
Global
	GlobalSection(SolutionConfigurationPlatforms) = preSolution
		Debug|Any CPU = Debug|Any CPU
		Release|Any CPU = Release|Any CPU
	EndGlobalSection
	GlobalSection(ProjectConfigurationPlatforms) = postSolution
		{DC5879C9-B28E-472B-93F3-ECEF6DFB77A0}.Debug|Any CPU.ActiveCfg = Debug|Any CPU
		{DC5879C9-B28E-472B-93F3-ECEF6DFB77A0}.Debug|Any CPU.Build.0 = Debug|Any CPU
		{DC5879C9-B28E-472B-93F3-ECEF6DFB77A0}.Release|Any CPU.ActiveCfg = Release|Any CPU
		{DC5879C9-B28E-472B-93F3-ECEF6DFB77A0}.Release|Any CPU.Build.0 = Release|Any CPU
		{A9CD37AD-EEBD-4A68-AAD4-92CFFAB29E7B}.Debug|Any CPU.ActiveCfg = Debug|Any CPU
		{A9CD37AD-EEBD-4A68-AAD4-92CFFAB29E7B}.Debug|Any CPU.Build.0 = Debug|Any CPU
		{A9CD37AD-EEBD-4A68-AAD4-92CFFAB29E7B}.Release|Any CPU.ActiveCfg = Release|Any CPU
		{A9CD37AD-EEBD-4A68-AAD4-92CFFAB29E7B}.Release|Any CPU.Build.0 = Release|Any CPU
		{E915CD3F-FBBF-4F46-A0EB-A5DAE04CE820}.Debug|Any CPU.ActiveCfg = Debug|Any CPU
		{E915CD3F-FBBF-4F46-A0EB-A5DAE04CE820}.Debug|Any CPU.Build.0 = Debug|Any CPU
		{E915CD3F-FBBF-4F46-A0EB-A5DAE04CE820}.Release|Any CPU.ActiveCfg = Release|Any CPU
		{E915CD3F-FBBF-4F46-A0EB-A5DAE04CE820}.Release|Any CPU.Build.0 = Release|Any CPU
	EndGlobalSection
	GlobalSection(SolutionProperties) = preSolution
		HideSolutionNode = FALSE
	EndGlobalSection
	GlobalSection(ExtensibilityGlobals) = postSolution
		SolutionGuid = {A58045B6-3ADF-4EBA-9F47-D7D44FF0219E}
	EndGlobalSection
EndGlobal
